
Microsoft Visual Studio Solution File, Format Version 12.00
# Visual Studio 14
VisualStudioVersion = 14.0.25420.1
MinimumVisualStudioVersion = 10.0.40219.1
Project("{FAE04EC0-301F-11D3-BF4B-00C04F79EFBC}") = "SimpleJsonLogger", "SimpleJsonLogger.csproj", "{4CA57648-FE69-48CA-ACEC-49CE8C3511DD}"
EndProject
Project("{FAE04EC0-301F-11D3-BF4B-00C04F79EFBC}") = "SimpleJsonLogger.Tests", "..\SimpleJsonLogger.Tests\SimpleJsonLogger.Tests.csproj", "{48008085-7BF8-44D1-BDC7-0F1CA9E5981A}"
EndProject
Global
	GlobalSection(SolutionConfigurationPlatforms) = preSolution
		Debug|Any CPU = Debug|Any CPU
		Release|Any CPU = Release|Any CPU
	EndGlobalSection
	GlobalSection(ProjectConfigurationPlatforms) = postSolution
		{4CA57648-FE69-48CA-ACEC-49CE8C3511DD}.Debug|Any CPU.ActiveCfg = Debug|Any CPU
		{4CA57648-FE69-48CA-ACEC-49CE8C3511DD}.Debug|Any CPU.Build.0 = Debug|Any CPU
		{4CA57648-FE69-48CA-ACEC-49CE8C3511DD}.Release|Any CPU.ActiveCfg = Release|Any CPU
		{4CA57648-FE69-48CA-ACEC-49CE8C3511DD}.Release|Any CPU.Build.0 = Release|Any CPU
		{48008085-7BF8-44D1-BDC7-0F1CA9E5981A}.Debug|Any CPU.ActiveCfg = Debug|Any CPU
		{48008085-7BF8-44D1-BDC7-0F1CA9E5981A}.Debug|Any CPU.Build.0 = Debug|Any CPU
		{48008085-7BF8-44D1-BDC7-0F1CA9E5981A}.Release|Any CPU.ActiveCfg = Release|Any CPU
		{48008085-7BF8-44D1-BDC7-0F1CA9E5981A}.Release|Any CPU.Build.0 = Release|Any CPU
	EndGlobalSection
	GlobalSection(SolutionProperties) = preSolution
		HideSolutionNode = FALSE
	EndGlobalSection
	GlobalSection(ExtensibilityGlobals) = postSolution
		EnterpriseLibraryConfigurationToolBinariesPath = packages\Unity.2.1.505.0\lib\NET35
	EndGlobalSection
EndGlobal
